
Microsoft Visual Studio Solution File, Format Version 12.00
# Visual Studio 15
Project("{FAE04EC0-301F-11D3-BF4B-00C04F79EFBC}") = "UnityEngine.TestRunner", "UnityEngine.TestRunner.csproj", "{44D688D6-EC70-052D-24F1-2B5A75FF8DAA}"
EndProject
Project("{FAE04EC0-301F-11D3-BF4B-00C04F79EFBC}") = "UnityEngine.UI", "UnityEngine.UI.csproj", "{245BB9C0-6EA9-3ECD-C9D9-4CE8E56319AE}"
EndProject
Project("{FAE04EC0-301F-11D3-BF4B-00C04F79EFBC}") = "Unity.VisualScripting.Flow", "Unity.VisualScripting.Flow.csproj", "{1EDF4366-51DC-BD7F-EED4-886589265334}"
EndProject
Project("{FAE04EC0-301F-11D3-BF4B-00C04F79EFBC}") = "Unity.InputSystem", "Unity.InputSystem.csproj", "{CAE50AA5-4115-B2D4-4A3C-02834FF1C4C6}"
EndProject
Project("{FAE04EC0-301F-11D3-BF4B-00C04F79EFBC}") = "Unity.VisualScripting.State", "Unity.VisualScripting.State.csproj", "{7430F46F-B383-0371-A11C-B73B6197AC05}"
EndProject
Project("{FAE04EC0-301F-11D3-BF4B-00C04F79EFBC}") = "Unity.VisualScripting.Core", "Unity.VisualScripting.Core.csproj", "{212DDD4A-2FBF-550A-64D7-1A0D3C45793C}"
EndProject
Project("{FAE04EC0-301F-11D3-BF4B-00C04F79EFBC}") = "Unity.TextMeshPro", "Unity.TextMeshPro.csproj", "{5BF629AD-62BE-03E3-7AB5-591C39B313B1}"
EndProject
Project("{FAE04EC0-301F-11D3-BF4B-00C04F79EFBC}") = "Unity.Timeline", "Unity.Timeline.csproj", "{622C95E6-7720-E6EC-A00E-D261825EA988}"
EndProject
Project("{FAE04EC0-301F-11D3-BF4B-00C04F79EFBC}") = "Unity.InputSystem.TestFramework", "Unity.InputSystem.TestFramework.csproj", "{EC35A50B-15D6-08FE-8F23-04D69862A8F8}"
EndProject
Project("{FAE04EC0-301F-11D3-BF4B-00C04F79EFBC}") = "Unity.ProBuilder.Csg", "Unity.ProBuilder.Csg.csproj", "{D902DFCA-6CE8-8537-6856-03B1C1536A66}"
EndProject
Project("{FAE04EC0-301F-11D3-BF4B-00C04F79EFBC}") = "Unity.ProBuilder.Poly2Tri", "Unity.ProBuilder.Poly2Tri.csproj", "{A93C62B4-B6FB-4495-21A3-5AE7CD0B82FE}"
EndProject
Project("{FAE04EC0-301F-11D3-BF4B-00C04F79EFBC}") = "Unity.ProBuilder", "Unity.ProBuilder.csproj", "{2B4E2285-4959-0D3D-A834-5D73AE9FE2FF}"
EndProject
Project("{FAE04EC0-301F-11D3-BF4B-00C04F79EFBC}") = "Unity.ProBuilder.KdTree", "Unity.ProBuilder.KdTree.csproj", "{C6643929-AD08-9270-63DB-D39912AB3446}"
EndProject
Project("{FAE04EC0-301F-11D3-BF4B-00C04F79EFBC}") = "Unity.ProBuilder.Stl", "Unity.ProBuilder.Stl.csproj", "{489193A5-5078-9A76-C760-AEE86BE2F01D}"
EndProject
Project("{FAE04EC0-301F-11D3-BF4B-00C04F79EFBC}") = "Unity.RenderPipelines.Core.Runtime", "Unity.RenderPipelines.Core.Runtime.csproj", "{176AFF6F-6490-6051-8811-0EC024885146}"
EndProject
Project("{FAE04EC0-301F-11D3-BF4B-00C04F79EFBC}") = "Unity.RenderPipelines.Core.ShaderLibrary", "Unity.RenderPipelines.Core.ShaderLibrary.csproj", "{E154D00B-0FFF-08EA-3120-CDD260B887B1}"
EndProject
Project("{FAE04EC0-301F-11D3-BF4B-00C04F79EFBC}") = "Unity.RenderPipelines.ShaderGraph.ShaderGraphLibrary", "Unity.RenderPipelines.ShaderGraph.ShaderGraphLibrary.csproj", "{1E041557-979B-4B76-FF47-A16FC12CF095}"
EndProject
Project("{FAE04EC0-301F-11D3-BF4B-00C04F79EFBC}") = "Assembly-CSharp", "Assembly-CSharp.csproj", "{EE9EE984-FF43-6C98-7D79-F592BE7F9BBE}"
EndProject
Project("{FAE04EC0-301F-11D3-BF4B-00C04F79EFBC}") = "Unity.PlasticSCM.Editor", "Unity.PlasticSCM.Editor.csproj", "{224B7328-8E46-1C75-F384-176BD48321C0}"
EndProject
Project("{FAE04EC0-301F-11D3-BF4B-00C04F79EFBC}") = "Unity.VisualScripting.Core.Editor", "Unity.VisualScripting.Core.Editor.csproj", "{A6C1081A-AE31-F034-8802-7FF0CF5848A0}"
EndProject
Project("{FAE04EC0-301F-11D3-BF4B-00C04F79EFBC}") = "Unity.VisualScripting.Flow.Editor", "Unity.VisualScripting.Flow.Editor.csproj", "{832D781A-00D6-4884-FEA3-758BD6D6C456}"
EndProject
Project("{FAE04EC0-301F-11D3-BF4B-00C04F79EFBC}") = "Unity.VisualStudio.Editor", "Unity.VisualStudio.Editor.csproj", "{D6683DAB-FA54-3D70-8580-FE611FE47A0D}"
EndProject
Project("{FAE04EC0-301F-11D3-BF4B-00C04F79EFBC}") = "Unity.Timeline.Editor", "Unity.Timeline.Editor.csproj", "{53BF462A-6288-50B5-EB0C-F762528AB77B}"
EndProject
Project("{FAE04EC0-301F-11D3-BF4B-00C04F79EFBC}") = "Unity.VisualScripting.State.Editor", "Unity.VisualScripting.State.Editor.csproj", "{0EF0DF9D-C468-3373-70BE-C10E065EE61E}"
EndProject
Project("{FAE04EC0-301F-11D3-BF4B-00C04F79EFBC}") = "Unity.TextMeshPro.Editor", "Unity.TextMeshPro.Editor.csproj", "{F1096670-FB59-1953-E88F-557C9DD48CEB}"
EndProject
Project("{FAE04EC0-301F-11D3-BF4B-00C04F79EFBC}") = "Unity.VisualScripting.SettingsProvider.Editor", "Unity.VisualScripting.SettingsProvider.Editor.csproj", "{66D1F4B6-84CD-1EE2-6A95-6220484AE65D}"
EndProject
Project("{FAE04EC0-301F-11D3-BF4B-00C04F79EFBC}") = "UnityEditor.TestRunner", "UnityEditor.TestRunner.csproj", "{9A0F97FE-F7B7-D982-EF75-86A8990B2DCA}"
EndProject
Project("{FAE04EC0-301F-11D3-BF4B-00C04F79EFBC}") = "Unity.TestTools.CodeCoverage.Editor", "Unity.TestTools.CodeCoverage.Editor.csproj", "{EC26EF07-AAA6-5824-FFCB-8EFCD54ED215}"
EndProject
Project("{FAE04EC0-301F-11D3-BF4B-00C04F79EFBC}") = "Unity.Rider.Editor", "Unity.Rider.Editor.csproj", "{61EA74B9-3A72-3CF8-6F10-A7832B16664C}"
EndProject
Project("{FAE04EC0-301F-11D3-BF4B-00C04F79EFBC}") = "Unity.Performance.Profile-Analyzer.Editor", "Unity.Performance.Profile-Analyzer.Editor.csproj", "{C5634DCA-A856-DE4F-1939-745AE8D37E29}"
EndProject
Project("{FAE04EC0-301F-11D3-BF4B-00C04F79EFBC}") = "Unity.VSCode.Editor", "Unity.VSCode.Editor.csproj", "{0F4BA707-9691-8BF6-C078-1013A7CFD4D3}"
EndProject
Project("{FAE04EC0-301F-11D3-BF4B-00C04F79EFBC}") = "UnityEditor.UI", "UnityEditor.UI.csproj", "{5521D359-B465-F43A-D501-A24FDDFF8943}"
EndProject
Project("{FAE04EC0-301F-11D3-BF4B-00C04F79EFBC}") = "Unity.TestTools.CodeCoverage.Editor.OpenCover.Model", "Unity.TestTools.CodeCoverage.Editor.OpenCover.Model.csproj", "{E48DB060-EE7B-25A5-27EE-5E3781DDF0F1}"
EndProject
Project("{FAE04EC0-301F-11D3-BF4B-00C04F79EFBC}") = "Unity.EditorCoroutines.Editor", "Unity.EditorCoroutines.Editor.csproj", "{FD248A4F-EBD4-803B-3BF8-160AE024FCF8}"
EndProject
Project("{FAE04EC0-301F-11D3-BF4B-00C04F79EFBC}") = "Unity.Settings.Editor", "Unity.Settings.Editor.csproj", "{41AC5DFB-D58A-B6B9-6D66-4E55611976B6}"
EndProject
Project("{FAE04EC0-301F-11D3-BF4B-00C04F79EFBC}") = "Unity.CollabProxy.Editor", "Unity.CollabProxy.Editor.csproj", "{A5AC815F-2FF2-8B5E-E5BF-5663A081A2B6}"
EndProject
Project("{FAE04EC0-301F-11D3-BF4B-00C04F79EFBC}") = "Unity.TestTools.CodeCoverage.Editor.OpenCover.Mono.Reflection", "Unity.TestTools.CodeCoverage.Editor.OpenCover.Mono.Reflection.csproj", "{7812E7DB-7AC4-A7E4-3E97-F6ECB677657C}"
EndProject
Project("{FAE04EC0-301F-11D3-BF4B-00C04F79EFBC}") = "Unity.VisualScripting.Shared.Editor", "Unity.VisualScripting.Shared.Editor.csproj", "{0D4F6924-EB91-55B6-7075-5F7BD605B669}"
EndProject
Project("{FAE04EC0-301F-11D3-BF4B-00C04F79EFBC}") = "Unity.ProBuilder.Editor", "Unity.ProBuilder.Editor.csproj", "{275FD98D-53FB-2A3D-E373-66FAE320A394}"
EndProject
Project("{FAE04EC0-301F-11D3-BF4B-00C04F79EFBC}") = "Unity.ProBuilder.AssetIdRemapUtility", "Unity.ProBuilder.AssetIdRemapUtility.csproj", "{A02529D6-0140-AD74-1196-E172A6E8DD6A}"
EndProject
Project("{FAE04EC0-301F-11D3-BF4B-00C04F79EFBC}") = "Unity.ProBuilder.AddOns.Editor", "Unity.ProBuilder.AddOns.Editor.csproj", "{15047E45-587C-55DF-AC1A-7F2E082A6467}"
EndProject
Project("{FAE04EC0-301F-11D3-BF4B-00C04F79EFBC}") = "Unity.ShaderGraph.Editor", "Unity.ShaderGraph.Editor.csproj", "{D59FF520-6EC1-18D6-842E-4459DFE41C41}"
EndProject
Project("{FAE04EC0-301F-11D3-BF4B-00C04F79EFBC}") = "Unity.RenderPipelines.Core.Editor", "Unity.RenderPipelines.Core.Editor.csproj", "{AC9B7D0D-74F1-5EF1-92A2-85E5AADAE9BC}"
EndProject
Project("{FAE04EC0-301F-11D3-BF4B-00C04F79EFBC}") = "Unity.ShaderGraph.Utilities", "Unity.ShaderGraph.Utilities.csproj", "{7B2B46CE-379D-7CDC-6802-DF3826F1D3D6}"
EndProject
Project("{FAE04EC0-301F-11D3-BF4B-00C04F79EFBC}") = "Unity.Searcher.Editor", "Unity.Searcher.Editor.csproj", "{AA36A6B7-8B05-897E-C9C3-4BFCEE9A2975}"
EndProject
Global
	GlobalSection(SolutionConfigurationPlatforms) = preSolution
		Debug|Any CPU = Debug|Any CPU
		Release|Any CPU = Release|Any CPU
	EndGlobalSection
	GlobalSection(ProjectConfigurationPlatforms) = postSolution
		{44D688D6-EC70-052D-24F1-2B5A75FF8DAA}.Debug|Any CPU.ActiveCfg = Debug|Any CPU
		{44D688D6-EC70-052D-24F1-2B5A75FF8DAA}.Debug|Any CPU.Build.0 = Debug|Any CPU
		{44D688D6-EC70-052D-24F1-2B5A75FF8DAA}.Release|Any CPU.ActiveCfg = Release|Any CPU
		{44D688D6-EC70-052D-24F1-2B5A75FF8DAA}.Release|Any CPU.Build.0 = Release|Any CPU
		{245BB9C0-6EA9-3ECD-C9D9-4CE8E56319AE}.Debug|Any CPU.ActiveCfg = Debug|Any CPU
		{245BB9C0-6EA9-3ECD-C9D9-4CE8E56319AE}.Debug|Any CPU.Build.0 = Debug|Any CPU
		{245BB9C0-6EA9-3ECD-C9D9-4CE8E56319AE}.Release|Any CPU.ActiveCfg = Release|Any CPU
		{245BB9C0-6EA9-3ECD-C9D9-4CE8E56319AE}.Release|Any CPU.Build.0 = Release|Any CPU
		{1EDF4366-51DC-BD7F-EED4-886589265334}.Debug|Any CPU.ActiveCfg = Debug|Any CPU
		{1EDF4366-51DC-BD7F-EED4-886589265334}.Debug|Any CPU.Build.0 = Debug|Any CPU
		{1EDF4366-51DC-BD7F-EED4-886589265334}.Release|Any CPU.ActiveCfg = Release|Any CPU
		{1EDF4366-51DC-BD7F-EED4-886589265334}.Release|Any CPU.Build.0 = Release|Any CPU
		{CAE50AA5-4115-B2D4-4A3C-02834FF1C4C6}.Debug|Any CPU.ActiveCfg = Debug|Any CPU
		{CAE50AA5-4115-B2D4-4A3C-02834FF1C4C6}.Debug|Any CPU.Build.0 = Debug|Any CPU
		{CAE50AA5-4115-B2D4-4A3C-02834FF1C4C6}.Release|Any CPU.ActiveCfg = Release|Any CPU
		{CAE50AA5-4115-B2D4-4A3C-02834FF1C4C6}.Release|Any CPU.Build.0 = Release|Any CPU
		{7430F46F-B383-0371-A11C-B73B6197AC05}.Debug|Any CPU.ActiveCfg = Debug|Any CPU
		{7430F46F-B383-0371-A11C-B73B6197AC05}.Debug|Any CPU.Build.0 = Debug|Any CPU
		{7430F46F-B383-0371-A11C-B73B6197AC05}.Release|Any CPU.ActiveCfg = Release|Any CPU
		{7430F46F-B383-0371-A11C-B73B6197AC05}.Release|Any CPU.Build.0 = Release|Any CPU
		{212DDD4A-2FBF-550A-64D7-1A0D3C45793C}.Debug|Any CPU.ActiveCfg = Debug|Any CPU
		{212DDD4A-2FBF-550A-64D7-1A0D3C45793C}.Debug|Any CPU.Build.0 = Debug|Any CPU
		{212DDD4A-2FBF-550A-64D7-1A0D3C45793C}.Release|Any CPU.ActiveCfg = Release|Any CPU
		{212DDD4A-2FBF-550A-64D7-1A0D3C45793C}.Release|Any CPU.Build.0 = Release|Any CPU
		{5BF629AD-62BE-03E3-7AB5-591C39B313B1}.Debug|Any CPU.ActiveCfg = Debug|Any CPU
		{5BF629AD-62BE-03E3-7AB5-591C39B313B1}.Debug|Any CPU.Build.0 = Debug|Any CPU
		{5BF629AD-62BE-03E3-7AB5-591C39B313B1}.Release|Any CPU.ActiveCfg = Release|Any CPU
		{5BF629AD-62BE-03E3-7AB5-591C39B313B1}.Release|Any CPU.Build.0 = Release|Any CPU
		{622C95E6-7720-E6EC-A00E-D261825EA988}.Debug|Any CPU.ActiveCfg = Debug|Any CPU
		{622C95E6-7720-E6EC-A00E-D261825EA988}.Debug|Any CPU.Build.0 = Debug|Any CPU
		{622C95E6-7720-E6EC-A00E-D261825EA988}.Release|Any CPU.ActiveCfg = Release|Any CPU
		{622C95E6-7720-E6EC-A00E-D261825EA988}.Release|Any CPU.Build.0 = Release|Any CPU
		{EC35A50B-15D6-08FE-8F23-04D69862A8F8}.Debug|Any CPU.ActiveCfg = Debug|Any CPU
		{EC35A50B-15D6-08FE-8F23-04D69862A8F8}.Debug|Any CPU.Build.0 = Debug|Any CPU
		{EC35A50B-15D6-08FE-8F23-04D69862A8F8}.Release|Any CPU.ActiveCfg = Release|Any CPU
		{EC35A50B-15D6-08FE-8F23-04D69862A8F8}.Release|Any CPU.Build.0 = Release|Any CPU
		{D902DFCA-6CE8-8537-6856-03B1C1536A66}.Debug|Any CPU.ActiveCfg = Debug|Any CPU
		{D902DFCA-6CE8-8537-6856-03B1C1536A66}.Debug|Any CPU.Build.0 = Debug|Any CPU
		{D902DFCA-6CE8-8537-6856-03B1C1536A66}.Release|Any CPU.ActiveCfg = Release|Any CPU
		{D902DFCA-6CE8-8537-6856-03B1C1536A66}.Release|Any CPU.Build.0 = Release|Any CPU
		{A93C62B4-B6FB-4495-21A3-5AE7CD0B82FE}.Debug|Any CPU.ActiveCfg = Debug|Any CPU
		{A93C62B4-B6FB-4495-21A3-5AE7CD0B82FE}.Debug|Any CPU.Build.0 = Debug|Any CPU
		{A93C62B4-B6FB-4495-21A3-5AE7CD0B82FE}.Release|Any CPU.ActiveCfg = Release|Any CPU
		{A93C62B4-B6FB-4495-21A3-5AE7CD0B82FE}.Release|Any CPU.Build.0 = Release|Any CPU
		{2B4E2285-4959-0D3D-A834-5D73AE9FE2FF}.Debug|Any CPU.ActiveCfg = Debug|Any CPU
		{2B4E2285-4959-0D3D-A834-5D73AE9FE2FF}.Debug|Any CPU.Build.0 = Debug|Any CPU
		{2B4E2285-4959-0D3D-A834-5D73AE9FE2FF}.Release|Any CPU.ActiveCfg = Release|Any CPU
		{2B4E2285-4959-0D3D-A834-5D73AE9FE2FF}.Release|Any CPU.Build.0 = Release|Any CPU
		{C6643929-AD08-9270-63DB-D39912AB3446}.Debug|Any CPU.ActiveCfg = Debug|Any CPU
		{C6643929-AD08-9270-63DB-D39912AB3446}.Debug|Any CPU.Build.0 = Debug|Any CPU
		{C6643929-AD08-9270-63DB-D39912AB3446}.Release|Any CPU.ActiveCfg = Release|Any CPU
		{C6643929-AD08-9270-63DB-D39912AB3446}.Release|Any CPU.Build.0 = Release|Any CPU
		{489193A5-5078-9A76-C760-AEE86BE2F01D}.Debug|Any CPU.ActiveCfg = Debug|Any CPU
		{489193A5-5078-9A76-C760-AEE86BE2F01D}.Debug|Any CPU.Build.0 = Debug|Any CPU
		{489193A5-5078-9A76-C760-AEE86BE2F01D}.Release|Any CPU.ActiveCfg = Release|Any CPU
		{489193A5-5078-9A76-C760-AEE86BE2F01D}.Release|Any CPU.Build.0 = Release|Any CPU
		{176AFF6F-6490-6051-8811-0EC024885146}.Debug|Any CPU.ActiveCfg = Debug|Any CPU
		{176AFF6F-6490-6051-8811-0EC024885146}.Debug|Any CPU.Build.0 = Debug|Any CPU
		{176AFF6F-6490-6051-8811-0EC024885146}.Release|Any CPU.ActiveCfg = Release|Any CPU
		{176AFF6F-6490-6051-8811-0EC024885146}.Release|Any CPU.Build.0 = Release|Any CPU
		{E154D00B-0FFF-08EA-3120-CDD260B887B1}.Debug|Any CPU.ActiveCfg = Debug|Any CPU
		{E154D00B-0FFF-08EA-3120-CDD260B887B1}.Debug|Any CPU.Build.0 = Debug|Any CPU
		{E154D00B-0FFF-08EA-3120-CDD260B887B1}.Release|Any CPU.ActiveCfg = Release|Any CPU
		{E154D00B-0FFF-08EA-3120-CDD260B887B1}.Release|Any CPU.Build.0 = Release|Any CPU
		{1E041557-979B-4B76-FF47-A16FC12CF095}.Debug|Any CPU.ActiveCfg = Debug|Any CPU
		{1E041557-979B-4B76-FF47-A16FC12CF095}.Debug|Any CPU.Build.0 = Debug|Any CPU
		{1E041557-979B-4B76-FF47-A16FC12CF095}.Release|Any CPU.ActiveCfg = Release|Any CPU
		{1E041557-979B-4B76-FF47-A16FC12CF095}.Release|Any CPU.Build.0 = Release|Any CPU
		{EE9EE984-FF43-6C98-7D79-F592BE7F9BBE}.Debug|Any CPU.ActiveCfg = Debug|Any CPU
		{EE9EE984-FF43-6C98-7D79-F592BE7F9BBE}.Debug|Any CPU.Build.0 = Debug|Any CPU
		{EE9EE984-FF43-6C98-7D79-F592BE7F9BBE}.Release|Any CPU.ActiveCfg = Release|Any CPU
		{EE9EE984-FF43-6C98-7D79-F592BE7F9BBE}.Release|Any CPU.Build.0 = Release|Any CPU
		{224B7328-8E46-1C75-F384-176BD48321C0}.Debug|Any CPU.ActiveCfg = Debug|Any CPU
		{224B7328-8E46-1C75-F384-176BD48321C0}.Debug|Any CPU.Build.0 = Debug|Any CPU
		{224B7328-8E46-1C75-F384-176BD48321C0}.Release|Any CPU.ActiveCfg = Release|Any CPU
		{224B7328-8E46-1C75-F384-176BD48321C0}.Release|Any CPU.Build.0 = Release|Any CPU
		{A6C1081A-AE31-F034-8802-7FF0CF5848A0}.Debug|Any CPU.ActiveCfg = Debug|Any CPU
		{A6C1081A-AE31-F034-8802-7FF0CF5848A0}.Debug|Any CPU.Build.0 = Debug|Any CPU
		{A6C1081A-AE31-F034-8802-7FF0CF5848A0}.Release|Any CPU.ActiveCfg = Release|Any CPU
		{A6C1081A-AE31-F034-8802-7FF0CF5848A0}.Release|Any CPU.Build.0 = Release|Any CPU
		{832D781A-00D6-4884-FEA3-758BD6D6C456}.Debug|Any CPU.ActiveCfg = Debug|Any CPU
		{832D781A-00D6-4884-FEA3-758BD6D6C456}.Debug|Any CPU.Build.0 = Debug|Any CPU
		{832D781A-00D6-4884-FEA3-758BD6D6C456}.Release|Any CPU.ActiveCfg = Release|Any CPU
		{832D781A-00D6-4884-FEA3-758BD6D6C456}.Release|Any CPU.Build.0 = Release|Any CPU
		{D6683DAB-FA54-3D70-8580-FE611FE47A0D}.Debug|Any CPU.ActiveCfg = Debug|Any CPU
		{D6683DAB-FA54-3D70-8580-FE611FE47A0D}.Debug|Any CPU.Build.0 = Debug|Any CPU
		{D6683DAB-FA54-3D70-8580-FE611FE47A0D}.Release|Any CPU.ActiveCfg = Release|Any CPU
		{D6683DAB-FA54-3D70-8580-FE611FE47A0D}.Release|Any CPU.Build.0 = Release|Any CPU
		{53BF462A-6288-50B5-EB0C-F762528AB77B}.Debug|Any CPU.ActiveCfg = Debug|Any CPU
		{53BF462A-6288-50B5-EB0C-F762528AB77B}.Debug|Any CPU.Build.0 = Debug|Any CPU
		{53BF462A-6288-50B5-EB0C-F762528AB77B}.Release|Any CPU.ActiveCfg = Release|Any CPU
		{53BF462A-6288-50B5-EB0C-F762528AB77B}.Release|Any CPU.Build.0 = Release|Any CPU
		{0EF0DF9D-C468-3373-70BE-C10E065EE61E}.Debug|Any CPU.ActiveCfg = Debug|Any CPU
		{0EF0DF9D-C468-3373-70BE-C10E065EE61E}.Debug|Any CPU.Build.0 = Debug|Any CPU
		{0EF0DF9D-C468-3373-70BE-C10E065EE61E}.Release|Any CPU.ActiveCfg = Release|Any CPU
		{0EF0DF9D-C468-3373-70BE-C10E065EE61E}.Release|Any CPU.Build.0 = Release|Any CPU
		{F1096670-FB59-1953-E88F-557C9DD48CEB}.Debug|Any CPU.ActiveCfg = Debug|Any CPU
		{F1096670-FB59-1953-E88F-557C9DD48CEB}.Debug|Any CPU.Build.0 = Debug|Any CPU
		{F1096670-FB59-1953-E88F-557C9DD48CEB}.Release|Any CPU.ActiveCfg = Release|Any CPU
		{F1096670-FB59-1953-E88F-557C9DD48CEB}.Release|Any CPU.Build.0 = Release|Any CPU
		{66D1F4B6-84CD-1EE2-6A95-6220484AE65D}.Debug|Any CPU.ActiveCfg = Debug|Any CPU
		{66D1F4B6-84CD-1EE2-6A95-6220484AE65D}.Debug|Any CPU.Build.0 = Debug|Any CPU
		{66D1F4B6-84CD-1EE2-6A95-6220484AE65D}.Release|Any CPU.ActiveCfg = Release|Any CPU
		{66D1F4B6-84CD-1EE2-6A95-6220484AE65D}.Release|Any CPU.Build.0 = Release|Any CPU
		{9A0F97FE-F7B7-D982-EF75-86A8990B2DCA}.Debug|Any CPU.ActiveCfg = Debug|Any CPU
		{9A0F97FE-F7B7-D982-EF75-86A8990B2DCA}.Debug|Any CPU.Build.0 = Debug|Any CPU
		{9A0F97FE-F7B7-D982-EF75-86A8990B2DCA}.Release|Any CPU.ActiveCfg = Release|Any CPU
		{9A0F97FE-F7B7-D982-EF75-86A8990B2DCA}.Release|Any CPU.Build.0 = Release|Any CPU
		{EC26EF07-AAA6-5824-FFCB-8EFCD54ED215}.Debug|Any CPU.ActiveCfg = Debug|Any CPU
		{EC26EF07-AAA6-5824-FFCB-8EFCD54ED215}.Debug|Any CPU.Build.0 = Debug|Any CPU
		{EC26EF07-AAA6-5824-FFCB-8EFCD54ED215}.Release|Any CPU.ActiveCfg = Release|Any CPU
		{EC26EF07-AAA6-5824-FFCB-8EFCD54ED215}.Release|Any CPU.Build.0 = Release|Any CPU
		{61EA74B9-3A72-3CF8-6F10-A7832B16664C}.Debug|Any CPU.ActiveCfg = Debug|Any CPU
		{61EA74B9-3A72-3CF8-6F10-A7832B16664C}.Debug|Any CPU.Build.0 = Debug|Any CPU
		{61EA74B9-3A72-3CF8-6F10-A7832B16664C}.Release|Any CPU.ActiveCfg = Release|Any CPU
		{61EA74B9-3A72-3CF8-6F10-A7832B16664C}.Release|Any CPU.Build.0 = Release|Any CPU
		{C5634DCA-A856-DE4F-1939-745AE8D37E29}.Debug|Any CPU.ActiveCfg = Debug|Any CPU
		{C5634DCA-A856-DE4F-1939-745AE8D37E29}.Debug|Any CPU.Build.0 = Debug|Any CPU
		{C5634DCA-A856-DE4F-1939-745AE8D37E29}.Release|Any CPU.ActiveCfg = Release|Any CPU
		{C5634DCA-A856-DE4F-1939-745AE8D37E29}.Release|Any CPU.Build.0 = Release|Any CPU
		{0F4BA707-9691-8BF6-C078-1013A7CFD4D3}.Debug|Any CPU.ActiveCfg = Debug|Any CPU
		{0F4BA707-9691-8BF6-C078-1013A7CFD4D3}.Debug|Any CPU.Build.0 = Debug|Any CPU
		{0F4BA707-9691-8BF6-C078-1013A7CFD4D3}.Release|Any CPU.ActiveCfg = Release|Any CPU
		{0F4BA707-9691-8BF6-C078-1013A7CFD4D3}.Release|Any CPU.Build.0 = Release|Any CPU
		{5521D359-B465-F43A-D501-A24FDDFF8943}.Debug|Any CPU.ActiveCfg = Debug|Any CPU
		{5521D359-B465-F43A-D501-A24FDDFF8943}.Debug|Any CPU.Build.0 = Debug|Any CPU
		{5521D359-B465-F43A-D501-A24FDDFF8943}.Release|Any CPU.ActiveCfg = Release|Any CPU
		{5521D359-B465-F43A-D501-A24FDDFF8943}.Release|Any CPU.Build.0 = Release|Any CPU
		{E48DB060-EE7B-25A5-27EE-5E3781DDF0F1}.Debug|Any CPU.ActiveCfg = Debug|Any CPU
		{E48DB060-EE7B-25A5-27EE-5E3781DDF0F1}.Debug|Any CPU.Build.0 = Debug|Any CPU
		{E48DB060-EE7B-25A5-27EE-5E3781DDF0F1}.Release|Any CPU.ActiveCfg = Release|Any CPU
		{E48DB060-EE7B-25A5-27EE-5E3781DDF0F1}.Release|Any CPU.Build.0 = Release|Any CPU
		{FD248A4F-EBD4-803B-3BF8-160AE024FCF8}.Debug|Any CPU.ActiveCfg = Debug|Any CPU
		{FD248A4F-EBD4-803B-3BF8-160AE024FCF8}.Debug|Any CPU.Build.0 = Debug|Any CPU
		{FD248A4F-EBD4-803B-3BF8-160AE024FCF8}.Release|Any CPU.ActiveCfg = Release|Any CPU
		{FD248A4F-EBD4-803B-3BF8-160AE024FCF8}.Release|Any CPU.Build.0 = Release|Any CPU
		{41AC5DFB-D58A-B6B9-6D66-4E55611976B6}.Debug|Any CPU.ActiveCfg = Debug|Any CPU
		{41AC5DFB-D58A-B6B9-6D66-4E55611976B6}.Debug|Any CPU.Build.0 = Debug|Any CPU
		{41AC5DFB-D58A-B6B9-6D66-4E55611976B6}.Release|Any CPU.ActiveCfg = Release|Any CPU
		{41AC5DFB-D58A-B6B9-6D66-4E55611976B6}.Release|Any CPU.Build.0 = Release|Any CPU
		{A5AC815F-2FF2-8B5E-E5BF-5663A081A2B6}.Debug|Any CPU.ActiveCfg = Debug|Any CPU
		{A5AC815F-2FF2-8B5E-E5BF-5663A081A2B6}.Debug|Any CPU.Build.0 = Debug|Any CPU
		{A5AC815F-2FF2-8B5E-E5BF-5663A081A2B6}.Release|Any CPU.ActiveCfg = Release|Any CPU
		{A5AC815F-2FF2-8B5E-E5BF-5663A081A2B6}.Release|Any CPU.Build.0 = Release|Any CPU
		{7812E7DB-7AC4-A7E4-3E97-F6ECB677657C}.Debug|Any CPU.ActiveCfg = Debug|Any CPU
		{7812E7DB-7AC4-A7E4-3E97-F6ECB677657C}.Debug|Any CPU.Build.0 = Debug|Any CPU
		{7812E7DB-7AC4-A7E4-3E97-F6ECB677657C}.Release|Any CPU.ActiveCfg = Release|Any CPU
		{7812E7DB-7AC4-A7E4-3E97-F6ECB677657C}.Release|Any CPU.Build.0 = Release|Any CPU
		{0D4F6924-EB91-55B6-7075-5F7BD605B669}.Debug|Any CPU.ActiveCfg = Debug|Any CPU
		{0D4F6924-EB91-55B6-7075-5F7BD605B669}.Debug|Any CPU.Build.0 = Debug|Any CPU
		{0D4F6924-EB91-55B6-7075-5F7BD605B669}.Release|Any CPU.ActiveCfg = Release|Any CPU
		{0D4F6924-EB91-55B6-7075-5F7BD605B669}.Release|Any CPU.Build.0 = Release|Any CPU
		{275FD98D-53FB-2A3D-E373-66FAE320A394}.Debug|Any CPU.ActiveCfg = Debug|Any CPU
		{275FD98D-53FB-2A3D-E373-66FAE320A394}.Debug|Any CPU.Build.0 = Debug|Any CPU
		{275FD98D-53FB-2A3D-E373-66FAE320A394}.Release|Any CPU.ActiveCfg = Release|Any CPU
		{275FD98D-53FB-2A3D-E373-66FAE320A394}.Release|Any CPU.Build.0 = Release|Any CPU
		{A02529D6-0140-AD74-1196-E172A6E8DD6A}.Debug|Any CPU.ActiveCfg = Debug|Any CPU
		{A02529D6-0140-AD74-1196-E172A6E8DD6A}.Debug|Any CPU.Build.0 = Debug|Any CPU
		{A02529D6-0140-AD74-1196-E172A6E8DD6A}.Release|Any CPU.ActiveCfg = Release|Any CPU
		{A02529D6-0140-AD74-1196-E172A6E8DD6A}.Release|Any CPU.Build.0 = Release|Any CPU
		{15047E45-587C-55DF-AC1A-7F2E082A6467}.Debug|Any CPU.ActiveCfg = Debug|Any CPU
		{15047E45-587C-55DF-AC1A-7F2E082A6467}.Debug|Any CPU.Build.0 = Debug|Any CPU
		{15047E45-587C-55DF-AC1A-7F2E082A6467}.Release|Any CPU.ActiveCfg = Release|Any CPU
		{15047E45-587C-55DF-AC1A-7F2E082A6467}.Release|Any CPU.Build.0 = Release|Any CPU
		{D59FF520-6EC1-18D6-842E-4459DFE41C41}.Debug|Any CPU.ActiveCfg = Debug|Any CPU
		{D59FF520-6EC1-18D6-842E-4459DFE41C41}.Debug|Any CPU.Build.0 = Debug|Any CPU
		{D59FF520-6EC1-18D6-842E-4459DFE41C41}.Release|Any CPU.ActiveCfg = Release|Any CPU
		{D59FF520-6EC1-18D6-842E-4459DFE41C41}.Release|Any CPU.Build.0 = Release|Any CPU
		{AC9B7D0D-74F1-5EF1-92A2-85E5AADAE9BC}.Debug|Any CPU.ActiveCfg = Debug|Any CPU
		{AC9B7D0D-74F1-5EF1-92A2-85E5AADAE9BC}.Debug|Any CPU.Build.0 = Debug|Any CPU
		{AC9B7D0D-74F1-5EF1-92A2-85E5AADAE9BC}.Release|Any CPU.ActiveCfg = Release|Any CPU
		{AC9B7D0D-74F1-5EF1-92A2-85E5AADAE9BC}.Release|Any CPU.Build.0 = Release|Any CPU
		{7B2B46CE-379D-7CDC-6802-DF3826F1D3D6}.Debug|Any CPU.ActiveCfg = Debug|Any CPU
		{7B2B46CE-379D-7CDC-6802-DF3826F1D3D6}.Debug|Any CPU.Build.0 = Debug|Any CPU
		{7B2B46CE-379D-7CDC-6802-DF3826F1D3D6}.Release|Any CPU.ActiveCfg = Release|Any CPU
		{7B2B46CE-379D-7CDC-6802-DF3826F1D3D6}.Release|Any CPU.Build.0 = Release|Any CPU
		{AA36A6B7-8B05-897E-C9C3-4BFCEE9A2975}.Debug|Any CPU.ActiveCfg = Debug|Any CPU
		{AA36A6B7-8B05-897E-C9C3-4BFCEE9A2975}.Debug|Any CPU.Build.0 = Debug|Any CPU
		{AA36A6B7-8B05-897E-C9C3-4BFCEE9A2975}.Release|Any CPU.ActiveCfg = Release|Any CPU
		{AA36A6B7-8B05-897E-C9C3-4BFCEE9A2975}.Release|Any CPU.Build.0 = Release|Any CPU
	EndGlobalSection
	GlobalSection(SolutionProperties) = preSolution
		HideSolutionNode = FALSE
	EndGlobalSection
EndGlobal
